
Microsoft Visual Studio Solution File, Format Version 12.00
# Visual Studio Version 17
VisualStudioVersion = 17.10.35004.147
MinimumVisualStudioVersion = 10.0.40219.1
Project("{8BC9CEB8-8B4A-11D0-8D11-00A0C91BC942}") = "ExtractNumberFromString", "ExtractNumberFromString.vcxproj", "{83CDC13C-6289-4887-8078-9CC8F5B9AA53}"
EndProject
Global
	GlobalSection(SolutionConfigurationPlatforms) = preSolution
		Debug|x64 = Debug|x64
		Debug|x86 = Debug|x86
		Release|x64 = Release|x64
		Release|x86 = Release|x86
	EndGlobalSection
	GlobalSection(ProjectConfigurationPlatforms) = postSolution
		{83CDC13C-6289-4887-8078-9CC8F5B9AA53}.Debug|x64.ActiveCfg = Debug|x64
		{83CDC13C-6289-4887-8078-9CC8F5B9AA53}.Debug|x64.Build.0 = Debug|x64
		{83CDC13C-6289-4887-8078-9CC8F5B9AA53}.Debug|x86.ActiveCfg = Debug|Win32
		{83CDC13C-6289-4887-8078-9CC8F5B9AA53}.Debug|x86.Build.0 = Debug|Win32
		{83CDC13C-6289-4887-8078-9CC8F5B9AA53}.Release|x64.ActiveCfg = Release|x64
		{83CDC13C-6289-4887-8078-9CC8F5B9AA53}.Release|x64.Build.0 = Release|x64
		{83CDC13C-6289-4887-8078-9CC8F5B9AA53}.Release|x86.ActiveCfg = Release|Win32
		{83CDC13C-6289-4887-8078-9CC8F5B9AA53}.Release|x86.Build.0 = Release|Win32
	EndGlobalSection
	GlobalSection(SolutionProperties) = preSolution
		HideSolutionNode = FALSE
	EndGlobalSection
	GlobalSection(ExtensibilityGlobals) = postSolution
		SolutionGuid = {2DDE74FA-5977-4109-AB13-FF446B0472E9}
	EndGlobalSection
EndGlobal
